
Microsoft Visual Studio Solution File, Format Version 12.00
# Visual Studio Version 16
VisualStudioVersion = 16.0.33130.400
MinimumVisualStudioVersion = 10.0.40219.1
Project("{9A19103F-16F7-4668-BE54-9A1E7A4F7556}") = "ExcelExtension", "ExcelExtension\ExcelExtension.csproj", "{7E507286-8D30-4CDB-9FB5-E2706B39C086}"
EndProject
Global
	GlobalSection(SolutionConfigurationPlatforms) = preSolution
		Debug|Any CPU = Debug|Any CPU
		Release|Any CPU = Release|Any CPU
	EndGlobalSection
	GlobalSection(ProjectConfigurationPlatforms) = postSolution
		{7E507286-8D30-4CDB-9FB5-E2706B39C086}.Debug|Any CPU.ActiveCfg = Debug|Any CPU
		{7E507286-8D30-4CDB-9FB5-E2706B39C086}.Debug|Any CPU.Build.0 = Debug|Any CPU
		{7E507286-8D30-4CDB-9FB5-E2706B39C086}.Release|Any CPU.ActiveCfg = Release|Any CPU
		{7E507286-8D30-4CDB-9FB5-E2706B39C086}.Release|Any CPU.Build.0 = Release|Any CPU
	EndGlobalSection
	GlobalSection(SolutionProperties) = preSolution
		HideSolutionNode = FALSE
	EndGlobalSection
	GlobalSection(ExtensibilityGlobals) = postSolution
		SolutionGuid = {9C09D683-488D-44CE-B0F4-3F5CF0CFA16E}
	EndGlobalSection
EndGlobal
