
Microsoft Visual Studio Solution File, Format Version 12.00
# Visual Studio Version 16
VisualStudioVersion = 16.0.31515.178
MinimumVisualStudioVersion = 10.0.40219.1
Project("{FAE04EC0-301F-11D3-BF4B-00C04F79EFBC}") = "CustomUISample", "CustomUISample\CustomUISample.csproj", "{C1FC68F1-2768-4787-B860-DCD01CE0B09F}"
EndProject
Global
	GlobalSection(SolutionConfigurationPlatforms) = preSolution
		Debug|Any CPU = Debug|Any CPU
		Release|Any CPU = Release|Any CPU
	EndGlobalSection
	GlobalSection(ProjectConfigurationPlatforms) = postSolution
		{C1FC68F1-2768-4787-B860-DCD01CE0B09F}.Debug|Any CPU.ActiveCfg = Debug|Any CPU
		{C1FC68F1-2768-4787-B860-DCD01CE0B09F}.Debug|Any CPU.Build.0 = Debug|Any CPU
		{C1FC68F1-2768-4787-B860-DCD01CE0B09F}.Release|Any CPU.ActiveCfg = Release|Any CPU
		{C1FC68F1-2768-4787-B860-DCD01CE0B09F}.Release|Any CPU.Build.0 = Release|Any CPU
	EndGlobalSection
	GlobalSection(SolutionProperties) = preSolution
		HideSolutionNode = FALSE
	EndGlobalSection
	GlobalSection(ExtensibilityGlobals) = postSolution
		SolutionGuid = {38757ADE-B19B-4620-BCA9-D4FE865EFF9E}
	EndGlobalSection
EndGlobal
