
Microsoft Visual Studio Solution File, Format Version 12.00
# Visual Studio Version 16
VisualStudioVersion = 16.0.31515.178
MinimumVisualStudioVersion = 10.0.40219.1
Project("{9A19103F-16F7-4668-BE54-9A1E7A4F7556}") = "ShapeHighlightingSample", "ShapeHighlightingSample\ShapeHighlightingSample.csproj", "{F559F8D2-94ED-4ED9-AC08-435FF939B9A2}"
EndProject
Global
	GlobalSection(SolutionConfigurationPlatforms) = preSolution
		Debug|Any CPU = Debug|Any CPU
		Release|Any CPU = Release|Any CPU
	EndGlobalSection
	GlobalSection(ProjectConfigurationPlatforms) = postSolution
		{F559F8D2-94ED-4ED9-AC08-435FF939B9A2}.Debug|Any CPU.ActiveCfg = Debug|Any CPU
		{F559F8D2-94ED-4ED9-AC08-435FF939B9A2}.Debug|Any CPU.Build.0 = Debug|Any CPU
		{F559F8D2-94ED-4ED9-AC08-435FF939B9A2}.Release|Any CPU.ActiveCfg = Release|Any CPU
		{F559F8D2-94ED-4ED9-AC08-435FF939B9A2}.Release|Any CPU.Build.0 = Release|Any CPU
	EndGlobalSection
	GlobalSection(SolutionProperties) = preSolution
		HideSolutionNode = FALSE
	EndGlobalSection
	GlobalSection(ExtensibilityGlobals) = postSolution
		SolutionGuid = {3623C59B-063E-4A50-A841-ABCA9635B673}
	EndGlobalSection
EndGlobal
