
Microsoft Visual Studio Solution File, Format Version 12.00
# Visual Studio Version 17
VisualStudioVersion = 17.2.32630.192
MinimumVisualStudioVersion = 10.0.40219.1
Project("{FAE04EC0-301F-11D3-BF4B-00C04F79EFBC}") = "ArchitectureSample", "ArchitectureSample\ArchitectureSample.csproj", "{7C82CE17-F964-4A2D-95CA-DC12E725684E}"
EndProject
Project("{FAE04EC0-301F-11D3-BF4B-00C04F79EFBC}") = "ArchitectureSample.Core", "ArchitectureSample.Core\ArchitectureSample.Core.csproj", "{403D3B09-D7BF-4023-8B9E-8990F419D104}"
EndProject
Project("{2150E333-8FDC-42A3-9474-1A3956D46DE8}") = "@docs", "@docs", "{D5A24271-F04C-4FEE-98BF-11049EBE5308}"
	ProjectSection(SolutionItems) = preProject
		readme.md = readme.md
	EndProjectSection
EndProject
Global
	GlobalSection(SolutionConfigurationPlatforms) = preSolution
		Debug|Any CPU = Debug|Any CPU
		Release|Any CPU = Release|Any CPU
	EndGlobalSection
	GlobalSection(ProjectConfigurationPlatforms) = postSolution
		{7C82CE17-F964-4A2D-95CA-DC12E725684E}.Debug|Any CPU.ActiveCfg = Debug|Any CPU
		{7C82CE17-F964-4A2D-95CA-DC12E725684E}.Debug|Any CPU.Build.0 = Debug|Any CPU
		{7C82CE17-F964-4A2D-95CA-DC12E725684E}.Release|Any CPU.ActiveCfg = Release|Any CPU
		{7C82CE17-F964-4A2D-95CA-DC12E725684E}.Release|Any CPU.Build.0 = Release|Any CPU
		{403D3B09-D7BF-4023-8B9E-8990F419D104}.Debug|Any CPU.ActiveCfg = Debug|Any CPU
		{403D3B09-D7BF-4023-8B9E-8990F419D104}.Debug|Any CPU.Build.0 = Debug|Any CPU
		{403D3B09-D7BF-4023-8B9E-8990F419D104}.Release|Any CPU.ActiveCfg = Release|Any CPU
		{403D3B09-D7BF-4023-8B9E-8990F419D104}.Release|Any CPU.Build.0 = Release|Any CPU
	EndGlobalSection
	GlobalSection(SolutionProperties) = preSolution
		HideSolutionNode = FALSE
	EndGlobalSection
	GlobalSection(ExtensibilityGlobals) = postSolution
		SolutionGuid = {5021D96B-BB20-4AE8-BBDE-6CC8B1B16012}
	EndGlobalSection
EndGlobal
